
Microsoft Visual Studio Solution File, Format Version 12.00
# Visual Studio Version 17
VisualStudioVersion = 17.9.34616.47
MinimumVisualStudioVersion = 10.0.40219.1
Project("{FAE04EC0-301F-11D3-BF4B-00C04F79EFBC}") = "tpmodul5_1302223029", "tpmodul5_1302223029\tpmodul5_1302223029.csproj", "{F61A5C5F-14F2-4828-8FA9-C2EB654D79B6}"
EndProject
Global
	GlobalSection(SolutionConfigurationPlatforms) = preSolution
		Debug|Any CPU = Debug|Any CPU
		Release|Any CPU = Release|Any CPU
	EndGlobalSection
	GlobalSection(ProjectConfigurationPlatforms) = postSolution
		{F61A5C5F-14F2-4828-8FA9-C2EB654D79B6}.Debug|Any CPU.ActiveCfg = Debug|Any CPU
		{F61A5C5F-14F2-4828-8FA9-C2EB654D79B6}.Debug|Any CPU.Build.0 = Debug|Any CPU
		{F61A5C5F-14F2-4828-8FA9-C2EB654D79B6}.Release|Any CPU.ActiveCfg = Release|Any CPU
		{F61A5C5F-14F2-4828-8FA9-C2EB654D79B6}.Release|Any CPU.Build.0 = Release|Any CPU
	EndGlobalSection
	GlobalSection(SolutionProperties) = preSolution
		HideSolutionNode = FALSE
	EndGlobalSection
	GlobalSection(ExtensibilityGlobals) = postSolution
		SolutionGuid = {5D38D7B1-0D18-48F7-AB41-A31BD3EF4113}
	EndGlobalSection
EndGlobal
